{
  "requires": true,
  "lockfileVersion": 1,
  "dependencies": {
    "gridstack": {
      "version": "4.2.4",
      "resolved": "https://registry.npmjs.org/gridstack/-/gridstack-4.2.4.tgz",
      "integrity": "sha512-Zzq2JakEf1ff7UeeL9rzvrGZDn2rZEU+H+aOMnJ3dJiMxhwVeWnJ0CknmgEEaAj7MmnvijaKB1WB9ddNnwqIoA=="
    }
  }
}
